// !$*UTF8*$!
{
	archiveVersion = 1;
	classes = {
	};
	objectVersion = 46;
	objects = {

/* Begin PBXBuildFile section */
		D8BD70C31E7F21E300D40E83 /* main.m in Sources */ = {isa = PBXBuildFile; fileRef = D8BD70C21E7F21E300D40E83 /* main.m */; };
		D8BD70C61E7F21E300D40E83 /* AppDelegate.m in Sources */ = {isa = PBXBuildFile; fileRef = D8BD70C51E7F21E300D40E83 /* AppDelegate.m */; };
		D8BD70C91E7F21E300D40E83 /* ViewController.m in Sources */ = {isa = PBXBuildFile; fileRef = D8BD70C81E7F21E300D40E83 /* ViewController.m */; };
		D8BD70CC1E7F21E300D40E83 /* Main.storyboard in Resources */ = {isa = PBXBuildFile; fileRef = D8BD70CA1E7F21E300D40E83 /* Main.storyboard */; };
		D8BD70CE1E7F21E300D40E83 /* Assets.xcassets in Resources */ = {isa = PBXBuildFile; fileRef = D8BD70CD1E7F21E300D40E83 /* Assets.xcassets */; };
		D8BD70D11E7F21E300D40E83 /* LaunchScreen.storyboard in Resources */ = {isa = PBXBuildFile; fileRef = D8BD70CF1E7F21E300D40E83 /* LaunchScreen.storyboard */; };
		D8BD70DC1E7F21E300D40E83 /* Garden_GuardianTests.m in Sources */ = {isa = PBXBuildFile; fileRef = D8BD70DB1E7F21E300D40E83 /* Garden_GuardianTests.m */; };
		D8BD70E71E7F21E300D40E83 /* Garden_GuardianUITests.m in Sources */ = {isa = PBXBuildFile; fileRef = D8BD70E61E7F21E300D40E83 /* Garden_GuardianUITests.m */; };
/* End PBXBuildFile section */

/* Begin PBXContainerItemProxy section */
		D8BD70D81E7F21E300D40E83 /* PBXContainerItemProxy */ = {
			isa = PBXContainerItemProxy;
			containerPortal = D8BD70B61E7F21E300D40E83 /* Project object */;
			proxyType = 1;
			remoteGlobalIDString = D8BD70BD1E7F21E300D40E83;
			remoteInfo = "Garden Guardian";
		};
		D8BD70E31E7F21E300D40E83 /* PBXContainerItemProxy */ = {
			isa = PBXContainerItemProxy;
			containerPortal = D8BD70B61E7F21E300D40E83 /* Project object */;
			proxyType = 1;
			remoteGlobalIDString = D8BD70BD1E7F21E300D40E83;
			remoteInfo = "Garden Guardian";
		};
/* End PBXContainerItemProxy section */

/* Begin PBXFileReference section */
		D8BD70BE1E7F21E300D40E83 /* Garden Guardian.app */ = {isa = PBXFileReference; explicitFileType = wrapper.application; includeInIndex = 0; path = "Garden Guardian.app"; sourceTree = BUILT_PRODUCTS_DIR; };
		D8BD70C21E7F21E300D40E83 /* main.m */ = {isa = PBXFileReference; lastKnownFileType = sourcecode.c.objc; path = main.m; sourceTree = "<group>"; };
		D8BD70C41E7F21E300D40E83 /* AppDelegate.h */ = {isa = PBXFileReference; lastKnownFileType = sourcecode.c.h; path = AppDelegate.h; sourceTree = "<group>"; };
		D8BD70C51E7F21E300D40E83 /* AppDelegate.m */ = {isa = PBXFileReference; lastKnownFileType = sourcecode.c.objc; path = AppDelegate.m; sourceTree = "<group>"; };
		D8BD70C71E7F21E300D40E83 /* ViewController.h */ = {isa = PBXFileReference; lastKnownFileType = sourcecode.c.h; path = ViewController.h; sourceTree = "<group>"; };
		D8BD70C81E7F21E300D40E83 /* ViewController.m */ = {isa = PBXFileReference; lastKnownFileType = sourcecode.c.objc; path = ViewController.m; sourceTree = "<group>"; };
		D8BD70CB1E7F21E300D40E83 /* Base */ = {isa = PBXFileReference; lastKnownFileType = file.storyboard; name = Base; path = Base.lproj/Main.storyboard; sourceTree = "<group>"; };
		D8BD70CD1E7F21E300D40E83 /* Assets.xcassets */ = {isa = PBXFileReference; lastKnownFileType = folder.assetcatalog; path = Assets.xcassets; sourceTree = "<group>"; };
		D8BD70D01E7F21E300D40E83 /* Base */ = {isa = PBXFileReference; lastKnownFileType = file.storyboard; name = Base; path = Base.lproj/LaunchScreen.storyboard; sourceTree = "<group>"; };
		D8BD70D21E7F21E300D40E83 /* Info.plist */ = {isa = PBXFileReference; lastKnownFileType = text.plist.xml; path = Info.plist; sourceTree = "<group>"; };
		D8BD70D71E7F21E300D40E83 /* Garden GuardianTests.xctest */ = {isa = PBXFileReference; explicitFileType = wrapper.cfbundle; includeInIndex = 0; path = "Garden GuardianTests.xctest"; sourceTree = BUILT_PRODUCTS_DIR; };
		D8BD70DB1E7F21E300D40E83 /* Garden_GuardianTests.m */ = {isa = PBXFileReference; lastKnownFileType = sourcecode.c.objc; path = Garden_GuardianTests.m; sourceTree = "<group>"; };
		D8BD70DD1E7F21E300D40E83 /* Info.plist */ = {isa = PBXFileReference; lastKnownFileType = text.plist.xml; path = Info.plist; sourceTree = "<group>"; };
		D8BD70E21E7F21E300D40E83 /* Garden GuardianUITests.xctest */ = {isa = PBXFileReference; explicitFileType = wrapper.cfbundle; includeInIndex = 0; path = "Garden GuardianUITests.xctest"; sourceTree = BUILT_PRODUCTS_DIR; };
		D8BD70E61E7F21E300D40E83 /* Garden_GuardianUITests.m */ = {isa = PBXFileReference; lastKnownFileType = sourcecode.c.objc; path = Garden_GuardianUITests.m; sourceTree = "<group>"; };
		D8BD70E81E7F21E300D40E83 /* Info.plist */ = {isa = PBXFileReference; lastKnownFileType = text.plist.xml; path = Info.plist; sourceTree = "<group>"; };
/* End PBXFileReference section */

/* Begin PBXFrameworksBuildPhase section */
		D8BD70BB1E7F21E300D40E83 /* Frameworks */ = {
			isa = PBXFrameworksBuildPhase;
			buildActionMask = 2147483647;
			files = (
			);
			runOnlyForDeploymentPostprocessing = 0;
		};
		D8BD70D41E7F21E300D40E83 /* Frameworks */ = {
			isa = PBXFrameworksBuildPhase;
			buildActionMask = 2147483647;
			files = (
			);
			runOnlyForDeploymentPostprocessing = 0;
		};
		D8BD70DF1E7F21E300D40E83 /* Frameworks */ = {
			isa = PBXFrameworksBuildPhase;
			buildActionMask = 2147483647;
			files = (
			);
			runOnlyForDeploymentPostprocessing = 0;
		};
/* End PBXFrameworksBuildPhase section */

/* Begin PBXGroup section */
		D8BD70B51E7F21E300D40E83 = {
			isa = PBXGroup;
			children = (
				D8BD70C01E7F21E300D40E83 /* Garden Guardian */,
				D8BD70DA1E7F21E300D40E83 /* Garden GuardianTests */,
				D8BD70E51E7F21E300D40E83 /* Garden GuardianUITests */,
				D8BD70BF1E7F21E300D40E83 /* Products */,
			);
			sourceTree = "<group>";
		};
		D8BD70BF1E7F21E300D40E83 /* Products */ = {
			isa = PBXGroup;
			children = (
				D8BD70BE1E7F21E300D40E83 /* Garden Guardian.app */,
				D8BD70D71E7F21E300D40E83 /* Garden GuardianTests.xctest */,
				D8BD70E21E7F21E300D40E83 /* Garden GuardianUITests.xctest */,
			);
			name = Products;
			sourceTree = "<group>";
		};
		D8BD70C01E7F21E300D40E83 /* Garden Guardian */ = {
			isa = PBXGroup;
			children = (
				D8BD70C41E7F21E300D40E83 /* AppDelegate.h */,
				D8BD70C51E7F21E300D40E83 /* AppDelegate.m */,
				D8BD70C71E7F21E300D40E83 /* ViewController.h */,
				D8BD70C81E7F21E300D40E83 /* ViewController.m */,
				D8BD70CA1E7F21E300D40E83 /* Main.storyboard */,
				D8BD70CD1E7F21E300D40E83 /* Assets.xcassets */,
				D8BD70CF1E7F21E300D40E83 /* LaunchScreen.storyboard */,
				D8BD70D21E7F21E300D40E83 /* Info.plist */,
				D8BD70C11E7F21E300D40E83 /* Supporting Files */,
			);
			path = "Garden Guardian";
			sourceTree = "<group>";
		};
		D8BD70C11E7F21E300D40E83 /* Supporting Files */ = {
			isa = PBXGroup;
			children = (
				D8BD70C21E7F21E300D40E83 /* main.m */,
			);
			name = "Supporting Files";
			sourceTree = "<group>";
		};
		D8BD70DA1E7F21E300D40E83 /* Garden GuardianTests */ = {
			isa = PBXGroup;
			children = (
				D8BD70DB1E7F21E300D40E83 /* Garden_GuardianTests.m */,
				D8BD70DD1E7F21E300D40E83 /* Info.plist */,
			);
			path = "Garden GuardianTests";
			sourceTree = "<group>";
		};
		D8BD70E51E7F21E300D40E83 /* Garden GuardianUITests */ = {
			isa = PBXGroup;
			children = (
				D8BD70E61E7F21E300D40E83 /* Garden_GuardianUITests.m */,
				D8BD70E81E7F21E300D40E83 /* Info.plist */,
			);
			path = "Garden GuardianUITests";
			sourceTree = "<group>";
		};
/* End PBXGroup section */

/* Begin PBXNativeTarget section */
		D8BD70BD1E7F21E300D40E83 /* Garden Guardian */ = {
			isa = PBXNativeTarget;
			buildConfigurationList = D8BD70EB1E7F21E300D40E83 /* Build configuration list for PBXNativeTarget "Garden Guardian" */;
			buildPhases = (
				D8BD70BA1E7F21E300D40E83 /* Sources */,
				D8BD70BB1E7F21E300D40E83 /* Frameworks */,
				D8BD70BC1E7F21E300D40E83 /* Resources */,
			);
			buildRules = (
			);
			dependencies = (
			);
			name = "Garden Guardian";
			productName = "Garden Guardian";
			productReference = D8BD70BE1E7F21E300D40E83 /* Garden Guardian.app */;
			productType = "com.apple.product-type.application";
		};
		D8BD70D61E7F21E300D40E83 /* Garden GuardianTests */ = {
			isa = PBXNativeTarget;
			buildConfigurationList = D8BD70EE1E7F21E300D40E83 /* Build configuration list for PBXNativeTarget "Garden GuardianTests" */;
			buildPhases = (
				D8BD70D31E7F21E300D40E83 /* Sources */,
				D8BD70D41E7F21E300D40E83 /* Frameworks */,
				D8BD70D51E7F21E300D40E83 /* Resources */,
			);
			buildRules = (
			);
			dependencies = (
				D8BD70D91E7F21E300D40E83 /* PBXTargetDependency */,
			);
			name = "Garden GuardianTests";
			productName = "Garden GuardianTests";
			productReference = D8BD70D71E7F21E300D40E83 /* Garden GuardianTests.xctest */;
			productType = "com.apple.product-type.bundle.unit-test";
		};
		D8BD70E11E7F21E300D40E83 /* Garden GuardianUITests */ = {
			isa = PBXNativeTarget;
			buildConfigurationList = D8BD70F11E7F21E300D40E83 /* Build configuration list for PBXNativeTarget "Garden GuardianUITests" */;
			buildPhases = (
				D8BD70DE1E7F21E300D40E83 /* Sources */,
				D8BD70DF1E7F21E300D40E83 /* Frameworks */,
				D8BD70E01E7F21E300D40E83 /* Resources */,
			);
			buildRules = (
			);
			dependencies = (
				D8BD70E41E7F21E300D40E83 /* PBXTargetDependency */,
			);
			name = "Garden GuardianUITests";
			productName = "Garden GuardianUITests";
			productReference = D8BD70E21E7F21E300D40E83 /* Garden GuardianUITests.xctest */;
			productType = "com.apple.product-type.bundle.ui-testing";
		};
/* End PBXNativeTarget section */

/* Begin PBXProject section */
		D8BD70B61E7F21E300D40E83 /* Project object */ = {
			isa = PBXProject;
			attributes = {
				LastUpgradeCheck = 0820;
				ORGANIZATIONNAME = "Jake Graham";
				TargetAttributes = {
					D8BD70BD1E7F21E300D40E83 = {
						CreatedOnToolsVersion = 8.2.1;
						ProvisioningStyle = Automatic;
					};
					D8BD70D61E7F21E300D40E83 = {
						CreatedOnToolsVersion = 8.2.1;
						ProvisioningStyle = Automatic;
						TestTargetID = D8BD70BD1E7F21E300D40E83;
					};
					D8BD70E11E7F21E300D40E83 = {
						CreatedOnToolsVersion = 8.2.1;
						ProvisioningStyle = Automatic;
						TestTargetID = D8BD70BD1E7F21E300D40E83;
					};
				};
			};
			buildConfigurationList = D8BD70B91E7F21E300D40E83 /* Build configuration list for PBXProject "Garden Guardian" */;
			compatibilityVersion = "Xcode 3.2";
			developmentRegion = English;
			hasScannedForEncodings = 0;
			knownRegions = (
				en,
				Base,
			);
			mainGroup = D8BD70B51E7F21E300D40E83;
			productRefGroup = D8BD70BF1E7F21E300D40E83 /* Products */;
			projectDirPath = "";
			projectRoot = "";
			targets = (
				D8BD70BD1E7F21E300D40E83 /* Garden Guardian */,
				D8BD70D61E7F21E300D40E83 /* Garden GuardianTests */,
				D8BD70E11E7F21E300D40E83 /* Garden GuardianUITests */,
			);
		};
/* End PBXProject section */

/* Begin PBXResourcesBuildPhase section */
		D8BD70BC1E7F21E300D40E83 /* Resources */ = {
			isa = PBXResourcesBuildPhase;
			buildActionMask = 2147483647;
			files = (
				D8BD70D11E7F21E300D40E83 /* LaunchScreen.storyboard in Resources */,
				D8BD70CE1E7F21E300D40E83 /* Assets.xcassets in Resources */,
				D8BD70CC1E7F21E300D40E83 /* Main.storyboard in Resources */,
			);
			runOnlyForDeploymentPostprocessing = 0;
		};
		D8BD70D51E7F21E300D40E83 /* Resources */ = {
			isa = PBXResourcesBuildPhase;
			buildActionMask = 2147483647;
			files = (
			);
			runOnlyForDeploymentPostprocessing = 0;
		};
		D8BD70E01E7F21E300D40E83 /* Resources */ = {
			isa = PBXResourcesBuildPhase;
			buildActionMask = 2147483647;
			files = (
			);
			runOnlyForDeploymentPostprocessing = 0;
		};
/* End PBXResourcesBuildPhase section */

/* Begin PBXSourcesBuildPhase section */
		D8BD70BA1E7F21E300D40E83 /* Sources */ = {
			isa = PBXSourcesBuildPhase;
			buildActionMask = 2147483647;
			files = (
				D8BD70C91E7F21E300D40E83 /* ViewController.m in Sources */,
				D8BD70C61E7F21E300D40E83 /* AppDelegate.m in Sources */,
				D8BD70C31E7F21E300D40E83 /* main.m in Sources */,
			);
			runOnlyForDeploymentPostprocessing = 0;
		};
		D8BD70D31E7F21E300D40E83 /* Sources */ = {
			isa = PBXSourcesBuildPhase;
			buildActionMask = 2147483647;
			files = (
				D8BD70DC1E7F21E300D40E83 /* Garden_GuardianTests.m in Sources */,
			);
			runOnlyForDeploymentPostprocessing = 0;
		};
		D8BD70DE1E7F21E300D40E83 /* Sources */ = {
			isa = PBXSourcesBuildPhase;
			buildActionMask = 2147483647;
			files = (
				D8BD70E71E7F21E300D40E83 /* Garden_GuardianUITests.m in Sources */,
			);
			runOnlyForDeploymentPostprocessing = 0;
		};
/* End PBXSourcesBuildPhase section */

/* Begin PBXTargetDependency section */
		D8BD70D91E7F21E300D40E83 /* PBXTargetDependency */ = {
			isa = PBXTargetDependency;
			target = D8BD70BD1E7F21E300D40E83 /* Garden Guardian */;
			targetProxy = D8BD70D81E7F21E300D40E83 /* PBXContainerItemProxy */;
		};
		D8BD70E41E7F21E300D40E83 /* PBXTargetDependency */ = {
			isa = PBXTargetDependency;
			target = D8BD70BD1E7F21E300D40E83 /* Garden Guardian */;
			targetProxy = D8BD70E31E7F21E300D40E83 /* PBXContainerItemProxy */;
		};
/* End PBXTargetDependency section */

/* Begin PBXVariantGroup section */
		D8BD70CA1E7F21E300D40E83 /* Main.storyboard */ = {
			isa = PBXVariantGroup;
			children = (
				D8BD70CB1E7F21E300D40E83 /* Base */,
			);
			name = Main.storyboard;
			sourceTree = "<group>";
		};
		D8BD70CF1E7F21E300D40E83 /* LaunchScreen.storyboard */ = {
			isa = PBXVariantGroup;
			children = (
				D8BD70D01E7F21E300D40E83 /* Base */,
			);
			name = LaunchScreen.storyboard;
			sourceTree = "<group>";
		};
/* End PBXVariantGroup section */

/* Begin XCBuildConfiguration section */
		D8BD70E91E7F21E300D40E83 /* Debug */ = {
			isa = XCBuildConfiguration;
			buildSettings = {
				ALWAYS_SEARCH_USER_PATHS = NO;
				CLANG_ANALYZER_NONNULL = YES;
				CLANG_CXX_LANGUAGE_STANDARD = "gnu++0x";
				CLANG_CXX_LIBRARY = "libc++";
				CLANG_ENABLE_MODULES = YES;
				CLANG_ENABLE_OBJC_ARC = YES;
				CLANG_WARN_BOOL_CONVERSION = YES;
				CLANG_WARN_CONSTANT_CONVERSION = YES;
				CLANG_WARN_DIRECT_OBJC_ISA_USAGE = YES_ERROR;
				CLANG_WARN_DOCUMENTATION_COMMENTS = YES;
				CLANG_WARN_EMPTY_BODY = YES;
				CLANG_WARN_ENUM_CONVERSION = YES;
				CLANG_WARN_INFINITE_RECURSION = YES;
				CLANG_WARN_INT_CONVERSION = YES;
				CLANG_WARN_OBJC_ROOT_CLASS = YES_ERROR;
				CLANG_WARN_SUSPICIOUS_MOVE = YES;
				CLANG_WARN_UNREACHABLE_CODE = YES;
				CLANG_WARN__DUPLICATE_METHOD_MATCH = YES;
				"CODE_SIGN_IDENTITY[sdk=iphoneos*]" = "iPhone Developer";
				COPY_PHASE_STRIP = NO;
				DEBUG_INFORMATION_FORMAT = dwarf;
				ENABLE_STRICT_OBJC_MSGSEND = YES;
				ENABLE_TESTABILITY = YES;
				GCC_C_LANGUAGE_STANDARD = gnu99;
				GCC_DYNAMIC_NO_PIC = NO;
				GCC_NO_COMMON_BLOCKS = YES;
				GCC_OPTIMIZATION_LEVEL = 0;
				GCC_PREPROCESSOR_DEFINITIONS = (
					"DEBUG=1",
					"$(inherited)",
				);
				GCC_WARN_64_TO_32_BIT_CONVERSION = YES;
				GCC_WARN_ABOUT_RETURN_TYPE = YES_ERROR;
				GCC_WARN_UNDECLARED_SELECTOR = YES;
				GCC_WARN_UNINITIALIZED_AUTOS = YES_AGGRESSIVE;
				GCC_WARN_UNUSED_FUNCTION = YES;
				GCC_WARN_UNUSED_VARIABLE = YES;
				IPHONEOS_DEPLOYMENT_TARGET = 10.2;
				MTL_ENABLE_DEBUG_INFO = YES;
				ONLY_ACTIVE_ARCH = YES;
				SDKROOT = iphoneos;
			};
			name = Debug;
		};
		D8BD70EA1E7F21E300D40E83 /* Release */ = {
			isa = XCBuildConfiguration;
			buildSettings = {
				ALWAYS_SEARCH_USER_PATHS = NO;
				CLANG_ANALYZER_NONNULL = YES;
				CLANG_CXX_LANGUAGE_STANDARD = "gnu++0x";
				CLANG_CXX_LIBRARY = "libc++";
				CLANG_ENABLE_MODULES = YES;
				CLANG_ENABLE_OBJC_ARC = YES;
				CLANG_WARN_BOOL_CONVERSION = YES;
				CLANG_WARN_CONSTANT_CONVERSION = YES;
				CLANG_WARN_DIRECT_OBJC_ISA_USAGE = YES_ERROR;
				CLANG_WARN_DOCUMENTATION_COMMENTS = YES;
				CLANG_WARN_EMPTY_BODY = YES;
				CLANG_WARN_ENUM_CONVERSION = YES;
				CLANG_WARN_INFINITE_RECURSION = YES;
				CLANG_WARN_INT_CONVERSION = YES;
				CLANG_WARN_OBJC_ROOT_CLASS = YES_ERROR;
				CLANG_WARN_SUSPICIOUS_MOVE = YES;
				CLANG_WARN_UNREACHABLE_CODE = YES;
				CLANG_WARN__DUPLICATE_METHOD_MATCH = YES;
				"CODE_SIGN_IDENTITY[sdk=iphoneos*]" = "iPhone Developer";
				COPY_PHASE_STRIP = NO;
				DEBUG_INFORMATION_FORMAT = "dwarf-with-dsym";
				ENABLE_NS_ASSERTIONS = NO;
				ENABLE_STRICT_OBJC_MSGSEND = YES;
				GCC_C_LANGUAGE_STANDARD = gnu99;
				GCC_NO_COMMON_BLOCKS = YES;
				GCC_WARN_64_TO_32_BIT_CONVERSION = YES;
				GCC_WARN_ABOUT_RETURN_TYPE = YES_ERROR;
				GCC_WARN_UNDECLARED_SELECTOR = YES;
				GCC_WARN_UNINITIALIZED_AUTOS = YES_AGGRESSIVE;
				GCC_WARN_UNUSED_FUNCTION = YES;
				GCC_WARN_UNUSED_VARIABLE = YES;
				IPHONEOS_DEPLOYMENT_TARGET = 10.2;
				MTL_ENABLE_DEBUG_INFO = NO;
				SDKROOT = iphoneos;
				VALIDATE_PRODUCT = YES;
			};
			name = Release;
		};
		D8BD70EC1E7F21E300D40E83 /* Debug */ = {
			isa = XCBuildConfiguration;
			buildSettings = {
				ASSETCATALOG_COMPILER_APPICON_NAME = AppIcon;
				INFOPLIST_FILE = "Garden Guardian/Info.plist";
				LD_RUNPATH_SEARCH_PATHS = "$(inherited) @executable_path/Frameworks";
				PRODUCT_BUNDLE_IDENTIFIER = "Jake-Graham.Garden-Guardian";
				PRODUCT_NAME = "$(TARGET_NAME)";
			};
			name = Debug;
		};
		D8BD70ED1E7F21E300D40E83 /* Release */ = {
			isa = XCBuildConfiguration;
			buildSettings = {
				ASSETCATALOG_COMPILER_APPICON_NAME = AppIcon;
				INFOPLIST_FILE = "Garden Guardian/Info.plist";
				LD_RUNPATH_SEARCH_PATHS = "$(inherited) @executable_path/Frameworks";
				PRODUCT_BUNDLE_IDENTIFIER = "Jake-Graham.Garden-Guardian";
				PRODUCT_NAME = "$(TARGET_NAME)";
			};
			name = Release;
		};
		D8BD70EF1E7F21E300D40E83 /* Debug */ = {
			isa = XCBuildConfiguration;
			buildSettings = {
				BUNDLE_LOADER = "$(TEST_HOST)";
				INFOPLIST_FILE = "Garden GuardianTests/Info.plist";
				LD_RUNPATH_SEARCH_PATHS = "$(inherited) @executable_path/Frameworks @loader_path/Frameworks";
				PRODUCT_BUNDLE_IDENTIFIER = "Jake-Graham.Garden-GuardianTests";
				PRODUCT_NAME = "$(TARGET_NAME)";
				TEST_HOST = "$(BUILT_PRODUCTS_DIR)/Garden Guardian.app/Garden Guardian";
			};
			name = Debug;
		};
		D8BD70F01E7F21E300D40E83 /* Release */ = {
			isa = XCBuildConfiguration;
			buildSettings = {
				BUNDLE_LOADER = "$(TEST_HOST)";
				INFOPLIST_FILE = "Garden GuardianTests/Info.plist";
				LD_RUNPATH_SEARCH_PATHS = "$(inherited) @executable_path/Frameworks @loader_path/Frameworks";
				PRODUCT_BUNDLE_IDENTIFIER = "Jake-Graham.Garden-GuardianTests";
				PRODUCT_NAME = "$(TARGET_NAME)";
				TEST_HOST = "$(BUILT_PRODUCTS_DIR)/Garden Guardian.app/Garden Guardian";
			};
			name = Release;
		};
		D8BD70F21E7F21E300D40E83 /* Debug */ = {
			isa = XCBuildConfiguration;
			buildSettings = {
				INFOPLIST_FILE = "Garden GuardianUITests/Info.plist";
				LD_RUNPATH_SEARCH_PATHS = "$(inherited) @executable_path/Frameworks @loader_path/Frameworks";
				PRODUCT_BUNDLE_IDENTIFIER = "Jake-Graham.Garden-GuardianUITests";
				PRODUCT_NAME = "$(TARGET_NAME)";
				TEST_TARGET_NAME = "Garden Guardian";
			};
			name = Debug;
		};
		D8BD70F31E7F21E300D40E83 /* Release */ = {
			isa = XCBuildConfiguration;
			buildSettings = {
				INFOPLIST_FILE = "Garden GuardianUITests/Info.plist";
				LD_RUNPATH_SEARCH_PATHS = "$(inherited) @executable_path/Frameworks @loader_path/Frameworks";
				PRODUCT_BUNDLE_IDENTIFIER = "Jake-Graham.Garden-GuardianUITests";
				PRODUCT_NAME = "$(TARGET_NAME)";
				TEST_TARGET_NAME = "Garden Guardian";
			};
			name = Release;
		};
/* End XCBuildConfiguration section */

/* Begin XCConfigurationList section */
		D8BD70B91E7F21E300D40E83 /* Build configuration list for PBXProject "Garden Guardian" */ = {
			isa = XCConfigurationList;
			buildConfigurations = (
				D8BD70E91E7F21E300D40E83 /* Debug */,
				D8BD70EA1E7F21E300D40E83 /* Release */,
			);
			defaultConfigurationIsVisible = 0;
			defaultConfigurationName = Release;
		};
		D8BD70EB1E7F21E300D40E83 /* Build configuration list for PBXNativeTarget "Garden Guardian" */ = {
			isa = XCConfigurationList;
			buildConfigurations = (
				D8BD70EC1E7F21E300D40E83 /* Debug */,
				D8BD70ED1E7F21E300D40E83 /* Release */,
			);
			defaultConfigurationIsVisible = 0;
		};
		D8BD70EE1E7F21E300D40E83 /* Build configuration list for PBXNativeTarget "Garden GuardianTests" */ = {
			isa = XCConfigurationList;
			buildConfigurations = (
				D8BD70EF1E7F21E300D40E83 /* Debug */,
				D8BD70F01E7F21E300D40E83 /* Release */,
			);
			defaultConfigurationIsVisible = 0;
		};
		D8BD70F11E7F21E300D40E83 /* Build configuration list for PBXNativeTarget "Garden GuardianUITests" */ = {
			isa = XCConfigurationList;
			buildConfigurations = (
				D8BD70F21E7F21E300D40E83 /* Debug */,
				D8BD70F31E7F21E300D40E83 /* Release */,
			);
			defaultConfigurationIsVisible = 0;
		};
/* End XCConfigurationList section */
	};
	rootObject = D8BD70B61E7F21E300D40E83 /* Project object */;
}
